
Microsoft Visual Studio Solution File, Format Version 12.00
# Visual Studio 15
VisualStudioVersion = 15.0.27703.2042
MinimumVisualStudioVersion = 10.0.40219.1
Project("{9A19103F-16F7-4668-BE54-9A1E7A4F7556}") = "HN.Social.Weibo.Core", "src\HN.Social.Weibo.Core\HN.Social.Weibo.Core.csproj", "{798932B7-5417-4591-A6FD-AA2EA12943CB}"
EndProject
Project("{FAE04EC0-301F-11D3-BF4B-00C04F79EFBC}") = "DesktopDemo", "src\DesktopDemo\DesktopDemo.csproj", "{8BB124DD-C700-4698-BB65-B8CDC3120FE9}"
EndProject
Project("{FAE04EC0-301F-11D3-BF4B-00C04F79EFBC}") = "UwpDemo", "src\UwpDemo\UwpDemo.csproj", "{AEA1BC87-7686-44CB-87A0-654D292E6176}"
EndProject
Project("{2150E333-8FDC-42A3-9474-1A3956D46DE8}") = "Solution Items", "Solution Items", "{3B9BCFFB-E7AC-4FB5-832F-6ECAE78CFD91}"
	ProjectSection(SolutionItems) = preProject
		.editorconfig = .editorconfig
	EndProjectSection
EndProject
Project("{FAE04EC0-301F-11D3-BF4B-00C04F79EFBC}") = "HN.Social.Weibo.Desktop", "src\HN.Social.Weibo.Desktop\HN.Social.Weibo.Desktop.csproj", "{89915CC1-39C3-46DE-84FB-14C30FEDB50C}"
EndProject
Project("{FAE04EC0-301F-11D3-BF4B-00C04F79EFBC}") = "HN.Social.Weibo.Uwp", "src\HN.Social.Weibo.Uwp\HN.Social.Weibo.Uwp.csproj", "{B7BB63F2-05FB-4369-8391-96204868F7EC}"
EndProject
Global
	GlobalSection(SolutionConfigurationPlatforms) = preSolution
		Debug|Any CPU = Debug|Any CPU
		Debug|ARM = Debug|ARM
		Debug|ARM64 = Debug|ARM64
		Debug|x64 = Debug|x64
		Debug|x86 = Debug|x86
		Release|Any CPU = Release|Any CPU
		Release|ARM = Release|ARM
		Release|ARM64 = Release|ARM64
		Release|x64 = Release|x64
		Release|x86 = Release|x86
	EndGlobalSection
	GlobalSection(ProjectConfigurationPlatforms) = postSolution
		{798932B7-5417-4591-A6FD-AA2EA12943CB}.Debug|Any CPU.ActiveCfg = Debug|Any CPU
		{798932B7-5417-4591-A6FD-AA2EA12943CB}.Debug|Any CPU.Build.0 = Debug|Any CPU
		{798932B7-5417-4591-A6FD-AA2EA12943CB}.Debug|ARM.ActiveCfg = Debug|Any CPU
		{798932B7-5417-4591-A6FD-AA2EA12943CB}.Debug|ARM.Build.0 = Debug|Any CPU
		{798932B7-5417-4591-A6FD-AA2EA12943CB}.Debug|ARM64.ActiveCfg = Debug|Any CPU
		{798932B7-5417-4591-A6FD-AA2EA12943CB}.Debug|ARM64.Build.0 = Debug|Any CPU
		{798932B7-5417-4591-A6FD-AA2EA12943CB}.Debug|x64.ActiveCfg = Debug|Any CPU
		{798932B7-5417-4591-A6FD-AA2EA12943CB}.Debug|x64.Build.0 = Debug|Any CPU
		{798932B7-5417-4591-A6FD-AA2EA12943CB}.Debug|x86.ActiveCfg = Debug|Any CPU
		{798932B7-5417-4591-A6FD-AA2EA12943CB}.Debug|x86.Build.0 = Debug|Any CPU
		{798932B7-5417-4591-A6FD-AA2EA12943CB}.Release|Any CPU.ActiveCfg = Release|Any CPU
		{798932B7-5417-4591-A6FD-AA2EA12943CB}.Release|Any CPU.Build.0 = Release|Any CPU
		{798932B7-5417-4591-A6FD-AA2EA12943CB}.Release|ARM.ActiveCfg = Release|Any CPU
		{798932B7-5417-4591-A6FD-AA2EA12943CB}.Release|ARM.Build.0 = Release|Any CPU
		{798932B7-5417-4591-A6FD-AA2EA12943CB}.Release|ARM64.ActiveCfg = Release|Any CPU
		{798932B7-5417-4591-A6FD-AA2EA12943CB}.Release|ARM64.Build.0 = Release|Any CPU
		{798932B7-5417-4591-A6FD-AA2EA12943CB}.Release|x64.ActiveCfg = Release|Any CPU
		{798932B7-5417-4591-A6FD-AA2EA12943CB}.Release|x64.Build.0 = Release|Any CPU
		{798932B7-5417-4591-A6FD-AA2EA12943CB}.Release|x86.ActiveCfg = Release|Any CPU
		{798932B7-5417-4591-A6FD-AA2EA12943CB}.Release|x86.Build.0 = Release|Any CPU
		{8BB124DD-C700-4698-BB65-B8CDC3120FE9}.Debug|Any CPU.ActiveCfg = Debug|Any CPU
		{8BB124DD-C700-4698-BB65-B8CDC3120FE9}.Debug|Any CPU.Build.0 = Debug|Any CPU
		{8BB124DD-C700-4698-BB65-B8CDC3120FE9}.Debug|ARM.ActiveCfg = Debug|Any CPU
		{8BB124DD-C700-4698-BB65-B8CDC3120FE9}.Debug|ARM.Build.0 = Debug|Any CPU
		{8BB124DD-C700-4698-BB65-B8CDC3120FE9}.Debug|ARM64.ActiveCfg = Debug|Any CPU
		{8BB124DD-C700-4698-BB65-B8CDC3120FE9}.Debug|ARM64.Build.0 = Debug|Any CPU
		{8BB124DD-C700-4698-BB65-B8CDC3120FE9}.Debug|x64.ActiveCfg = Debug|Any CPU
		{8BB124DD-C700-4698-BB65-B8CDC3120FE9}.Debug|x64.Build.0 = Debug|Any CPU
		{8BB124DD-C700-4698-BB65-B8CDC3120FE9}.Debug|x86.ActiveCfg = Debug|Any CPU
		{8BB124DD-C700-4698-BB65-B8CDC3120FE9}.Debug|x86.Build.0 = Debug|Any CPU
		{8BB124DD-C700-4698-BB65-B8CDC3120FE9}.Release|Any CPU.ActiveCfg = Release|Any CPU
		{8BB124DD-C700-4698-BB65-B8CDC3120FE9}.Release|Any CPU.Build.0 = Release|Any CPU
		{8BB124DD-C700-4698-BB65-B8CDC3120FE9}.Release|ARM.ActiveCfg = Release|Any CPU
		{8BB124DD-C700-4698-BB65-B8CDC3120FE9}.Release|ARM.Build.0 = Release|Any CPU
		{8BB124DD-C700-4698-BB65-B8CDC3120FE9}.Release|ARM64.ActiveCfg = Release|Any CPU
		{8BB124DD-C700-4698-BB65-B8CDC3120FE9}.Release|ARM64.Build.0 = Release|Any CPU
		{8BB124DD-C700-4698-BB65-B8CDC3120FE9}.Release|x64.ActiveCfg = Release|Any CPU
		{8BB124DD-C700-4698-BB65-B8CDC3120FE9}.Release|x64.Build.0 = Release|Any CPU
		{8BB124DD-C700-4698-BB65-B8CDC3120FE9}.Release|x86.ActiveCfg = Release|Any CPU
		{8BB124DD-C700-4698-BB65-B8CDC3120FE9}.Release|x86.Build.0 = Release|Any CPU
		{AEA1BC87-7686-44CB-87A0-654D292E6176}.Debug|Any CPU.ActiveCfg = Debug|x86
		{AEA1BC87-7686-44CB-87A0-654D292E6176}.Debug|ARM.ActiveCfg = Debug|ARM
		{AEA1BC87-7686-44CB-87A0-654D292E6176}.Debug|ARM.Build.0 = Debug|ARM
		{AEA1BC87-7686-44CB-87A0-654D292E6176}.Debug|ARM.Deploy.0 = Debug|ARM
		{AEA1BC87-7686-44CB-87A0-654D292E6176}.Debug|ARM64.ActiveCfg = Debug|x86
		{AEA1BC87-7686-44CB-87A0-654D292E6176}.Debug|x64.ActiveCfg = Debug|x64
		{AEA1BC87-7686-44CB-87A0-654D292E6176}.Debug|x64.Build.0 = Debug|x64
		{AEA1BC87-7686-44CB-87A0-654D292E6176}.Debug|x64.Deploy.0 = Debug|x64
		{AEA1BC87-7686-44CB-87A0-654D292E6176}.Debug|x86.ActiveCfg = Debug|x86
		{AEA1BC87-7686-44CB-87A0-654D292E6176}.Debug|x86.Build.0 = Debug|x86
		{AEA1BC87-7686-44CB-87A0-654D292E6176}.Debug|x86.Deploy.0 = Debug|x86
		{AEA1BC87-7686-44CB-87A0-654D292E6176}.Release|Any CPU.ActiveCfg = Release|x86
		{AEA1BC87-7686-44CB-87A0-654D292E6176}.Release|ARM.ActiveCfg = Release|ARM
		{AEA1BC87-7686-44CB-87A0-654D292E6176}.Release|ARM.Build.0 = Release|ARM
		{AEA1BC87-7686-44CB-87A0-654D292E6176}.Release|ARM.Deploy.0 = Release|ARM
		{AEA1BC87-7686-44CB-87A0-654D292E6176}.Release|ARM64.ActiveCfg = Release|x86
		{AEA1BC87-7686-44CB-87A0-654D292E6176}.Release|x64.ActiveCfg = Release|x64
		{AEA1BC87-7686-44CB-87A0-654D292E6176}.Release|x64.Build.0 = Release|x64
		{AEA1BC87-7686-44CB-87A0-654D292E6176}.Release|x64.Deploy.0 = Release|x64
		{AEA1BC87-7686-44CB-87A0-654D292E6176}.Release|x86.ActiveCfg = Release|x86
		{AEA1BC87-7686-44CB-87A0-654D292E6176}.Release|x86.Build.0 = Release|x86
		{AEA1BC87-7686-44CB-87A0-654D292E6176}.Release|x86.Deploy.0 = Release|x86
		{89915CC1-39C3-46DE-84FB-14C30FEDB50C}.Debug|Any CPU.ActiveCfg = Debug|Any CPU
		{89915CC1-39C3-46DE-84FB-14C30FEDB50C}.Debug|Any CPU.Build.0 = Debug|Any CPU
		{89915CC1-39C3-46DE-84FB-14C30FEDB50C}.Debug|ARM.ActiveCfg = Debug|Any CPU
		{89915CC1-39C3-46DE-84FB-14C30FEDB50C}.Debug|ARM.Build.0 = Debug|Any CPU
		{89915CC1-39C3-46DE-84FB-14C30FEDB50C}.Debug|ARM64.ActiveCfg = Debug|Any CPU
		{89915CC1-39C3-46DE-84FB-14C30FEDB50C}.Debug|ARM64.Build.0 = Debug|Any CPU
		{89915CC1-39C3-46DE-84FB-14C30FEDB50C}.Debug|x64.ActiveCfg = Debug|Any CPU
		{89915CC1-39C3-46DE-84FB-14C30FEDB50C}.Debug|x64.Build.0 = Debug|Any CPU
		{89915CC1-39C3-46DE-84FB-14C30FEDB50C}.Debug|x86.ActiveCfg = Debug|Any CPU
		{89915CC1-39C3-46DE-84FB-14C30FEDB50C}.Debug|x86.Build.0 = Debug|Any CPU
		{89915CC1-39C3-46DE-84FB-14C30FEDB50C}.Release|Any CPU.ActiveCfg = Release|Any CPU
		{89915CC1-39C3-46DE-84FB-14C30FEDB50C}.Release|Any CPU.Build.0 = Release|Any CPU
		{89915CC1-39C3-46DE-84FB-14C30FEDB50C}.Release|ARM.ActiveCfg = Release|Any CPU
		{89915CC1-39C3-46DE-84FB-14C30FEDB50C}.Release|ARM.Build.0 = Release|Any CPU
		{89915CC1-39C3-46DE-84FB-14C30FEDB50C}.Release|ARM64.ActiveCfg = Release|Any CPU
		{89915CC1-39C3-46DE-84FB-14C30FEDB50C}.Release|ARM64.Build.0 = Release|Any CPU
		{89915CC1-39C3-46DE-84FB-14C30FEDB50C}.Release|x64.ActiveCfg = Release|Any CPU
		{89915CC1-39C3-46DE-84FB-14C30FEDB50C}.Release|x64.Build.0 = Release|Any CPU
		{89915CC1-39C3-46DE-84FB-14C30FEDB50C}.Release|x86.ActiveCfg = Release|Any CPU
		{89915CC1-39C3-46DE-84FB-14C30FEDB50C}.Release|x86.Build.0 = Release|Any CPU
		{B7BB63F2-05FB-4369-8391-96204868F7EC}.Debug|Any CPU.ActiveCfg = Debug|Any CPU
		{B7BB63F2-05FB-4369-8391-96204868F7EC}.Debug|Any CPU.Build.0 = Debug|Any CPU
		{B7BB63F2-05FB-4369-8391-96204868F7EC}.Debug|ARM.ActiveCfg = Debug|ARM
		{B7BB63F2-05FB-4369-8391-96204868F7EC}.Debug|ARM.Build.0 = Debug|ARM
		{B7BB63F2-05FB-4369-8391-96204868F7EC}.Debug|ARM64.ActiveCfg = Debug|ARM64
		{B7BB63F2-05FB-4369-8391-96204868F7EC}.Debug|ARM64.Build.0 = Debug|ARM64
		{B7BB63F2-05FB-4369-8391-96204868F7EC}.Debug|x64.ActiveCfg = Debug|x64
		{B7BB63F2-05FB-4369-8391-96204868F7EC}.Debug|x64.Build.0 = Debug|x64
		{B7BB63F2-05FB-4369-8391-96204868F7EC}.Debug|x86.ActiveCfg = Debug|x86
		{B7BB63F2-05FB-4369-8391-96204868F7EC}.Debug|x86.Build.0 = Debug|x86
		{B7BB63F2-05FB-4369-8391-96204868F7EC}.Release|Any CPU.ActiveCfg = Release|Any CPU
		{B7BB63F2-05FB-4369-8391-96204868F7EC}.Release|Any CPU.Build.0 = Release|Any CPU
		{B7BB63F2-05FB-4369-8391-96204868F7EC}.Release|ARM.ActiveCfg = Release|ARM
		{B7BB63F2-05FB-4369-8391-96204868F7EC}.Release|ARM.Build.0 = Release|ARM
		{B7BB63F2-05FB-4369-8391-96204868F7EC}.Release|ARM64.ActiveCfg = Release|ARM64
		{B7BB63F2-05FB-4369-8391-96204868F7EC}.Release|ARM64.Build.0 = Release|ARM64
		{B7BB63F2-05FB-4369-8391-96204868F7EC}.Release|x64.ActiveCfg = Release|x64
		{B7BB63F2-05FB-4369-8391-96204868F7EC}.Release|x64.Build.0 = Release|x64
		{B7BB63F2-05FB-4369-8391-96204868F7EC}.Release|x86.ActiveCfg = Release|x86
		{B7BB63F2-05FB-4369-8391-96204868F7EC}.Release|x86.Build.0 = Release|x86
	EndGlobalSection
	GlobalSection(SolutionProperties) = preSolution
		HideSolutionNode = FALSE
	EndGlobalSection
	GlobalSection(ExtensibilityGlobals) = postSolution
		SolutionGuid = {15CD397F-D164-417D-B9F1-35F8385DA328}
	EndGlobalSection
EndGlobal
